// !$*UTF8*$!
{
	archiveVersion = 1;
	classes = {
	};
	objectVersion = 48;
	objects = {

/* Begin PBXBuildFile section */
		2C2E0968232D4A6B005CDC29 /* AppDelegate.swift in Sources */ = {isa = PBXBuildFile; fileRef = 2C2E0967232D4A6B005CDC29 /* AppDelegate.swift */; };
		2C2E096A232D4A6B005CDC29 /* ViewController.swift in Sources */ = {isa = PBXBuildFile; fileRef = 2C2E0969232D4A6B005CDC29 /* ViewController.swift */; };
		2C2E096D232D4A6B005CDC29 /* Main.storyboard in Resources */ = {isa = PBXBuildFile; fileRef = 2C2E096B232D4A6B005CDC29 /* Main.storyboard */; };
		2C2E096F232D4A6C005CDC29 /* Assets.xcassets in Resources */ = {isa = PBXBuildFile; fileRef = 2C2E096E232D4A6C005CDC29 /* Assets.xcassets */; };
		2C2E0972232D4A6C005CDC29 /* LaunchScreen.storyboard in Resources */ = {isa = PBXBuildFile; fileRef = 2C2E0970232D4A6C005CDC29 /* LaunchScreen.storyboard */; };
		2C2E097D232D4A6C005CDC29 /* hackmit_2019_appTests.swift in Sources */ = {isa = PBXBuildFile; fileRef = 2C2E097C232D4A6C005CDC29 /* hackmit_2019_appTests.swift */; };
		2C2E0988232D4A6C005CDC29 /* hackmit_2019_appUITests.swift in Sources */ = {isa = PBXBuildFile; fileRef = 2C2E0987232D4A6C005CDC29 /* hackmit_2019_appUITests.swift */; };
		EBE9C68E232D677600181234 /* Contact.swift in Sources */ = {isa = PBXBuildFile; fileRef = EBE9C68D232D677600181234 /* Contact.swift */; };
/* End PBXBuildFile section */

/* Begin PBXContainerItemProxy section */
		2C2E0979232D4A6C005CDC29 /* PBXContainerItemProxy */ = {
			isa = PBXContainerItemProxy;
			containerPortal = 2C2E095C232D4A6B005CDC29 /* Project object */;
			proxyType = 1;
			remoteGlobalIDString = 2C2E0963232D4A6B005CDC29;
			remoteInfo = "hackmit-2019-app";
		};
		2C2E0984232D4A6C005CDC29 /* PBXContainerItemProxy */ = {
			isa = PBXContainerItemProxy;
			containerPortal = 2C2E095C232D4A6B005CDC29 /* Project object */;
			proxyType = 1;
			remoteGlobalIDString = 2C2E0963232D4A6B005CDC29;
			remoteInfo = "hackmit-2019-app";
		};
/* End PBXContainerItemProxy section */

/* Begin PBXFileReference section */
		2C2E0964232D4A6B005CDC29 /* hackmit-2019-app.app */ = {isa = PBXFileReference; explicitFileType = wrapper.application; includeInIndex = 0; path = "hackmit-2019-app.app"; sourceTree = BUILT_PRODUCTS_DIR; };
		2C2E0967232D4A6B005CDC29 /* AppDelegate.swift */ = {isa = PBXFileReference; lastKnownFileType = sourcecode.swift; path = AppDelegate.swift; sourceTree = "<group>"; };
		2C2E0969232D4A6B005CDC29 /* ViewController.swift */ = {isa = PBXFileReference; lastKnownFileType = sourcecode.swift; path = ViewController.swift; sourceTree = "<group>"; };
		2C2E096C232D4A6B005CDC29 /* Base */ = {isa = PBXFileReference; lastKnownFileType = file.storyboard; name = Base; path = Base.lproj/Main.storyboard; sourceTree = "<group>"; };
		2C2E096E232D4A6C005CDC29 /* Assets.xcassets */ = {isa = PBXFileReference; lastKnownFileType = folder.assetcatalog; path = Assets.xcassets; sourceTree = "<group>"; };
		2C2E0971232D4A6C005CDC29 /* Base */ = {isa = PBXFileReference; lastKnownFileType = file.storyboard; name = Base; path = Base.lproj/LaunchScreen.storyboard; sourceTree = "<group>"; };
		2C2E0973232D4A6C005CDC29 /* Info.plist */ = {isa = PBXFileReference; lastKnownFileType = text.plist.xml; path = Info.plist; sourceTree = "<group>"; };
		2C2E0978232D4A6C005CDC29 /* hackmit-2019-appTests.xctest */ = {isa = PBXFileReference; explicitFileType = wrapper.cfbundle; includeInIndex = 0; path = "hackmit-2019-appTests.xctest"; sourceTree = BUILT_PRODUCTS_DIR; };
		2C2E097C232D4A6C005CDC29 /* hackmit_2019_appTests.swift */ = {isa = PBXFileReference; lastKnownFileType = sourcecode.swift; path = hackmit_2019_appTests.swift; sourceTree = "<group>"; };
		2C2E097E232D4A6C005CDC29 /* Info.plist */ = {isa = PBXFileReference; lastKnownFileType = text.plist.xml; path = Info.plist; sourceTree = "<group>"; };
		2C2E0983232D4A6C005CDC29 /* hackmit-2019-appUITests.xctest */ = {isa = PBXFileReference; explicitFileType = wrapper.cfbundle; includeInIndex = 0; path = "hackmit-2019-appUITests.xctest"; sourceTree = BUILT_PRODUCTS_DIR; };
		2C2E0987232D4A6C005CDC29 /* hackmit_2019_appUITests.swift */ = {isa = PBXFileReference; lastKnownFileType = sourcecode.swift; path = hackmit_2019_appUITests.swift; sourceTree = "<group>"; };
		2C2E0989232D4A6C005CDC29 /* Info.plist */ = {isa = PBXFileReference; lastKnownFileType = text.plist.xml; path = Info.plist; sourceTree = "<group>"; };
		EBE9C68D232D677600181234 /* Contact.swift */ = {isa = PBXFileReference; lastKnownFileType = sourcecode.swift; path = Contact.swift; sourceTree = "<group>"; };
/* End PBXFileReference section */

/* Begin PBXFrameworksBuildPhase section */
		2C2E0961232D4A6B005CDC29 /* Frameworks */ = {
			isa = PBXFrameworksBuildPhase;
			buildActionMask = 2147483647;
			files = (
			);
			runOnlyForDeploymentPostprocessing = 0;
		};
		2C2E0975232D4A6C005CDC29 /* Frameworks */ = {
			isa = PBXFrameworksBuildPhase;
			buildActionMask = 2147483647;
			files = (
			);
			runOnlyForDeploymentPostprocessing = 0;
		};
		2C2E0980232D4A6C005CDC29 /* Frameworks */ = {
			isa = PBXFrameworksBuildPhase;
			buildActionMask = 2147483647;
			files = (
			);
			runOnlyForDeploymentPostprocessing = 0;
		};
/* End PBXFrameworksBuildPhase section */

/* Begin PBXGroup section */
		2C2E095B232D4A6B005CDC29 = {
			isa = PBXGroup;
			children = (
				2C2E0966232D4A6B005CDC29 /* hackmit-2019-app */,
				2C2E097B232D4A6C005CDC29 /* hackmit-2019-appTests */,
				2C2E0986232D4A6C005CDC29 /* hackmit-2019-appUITests */,
				2C2E0965232D4A6B005CDC29 /* Products */,
			);
			sourceTree = "<group>";
		};
		2C2E0965232D4A6B005CDC29 /* Products */ = {
			isa = PBXGroup;
			children = (
				2C2E0964232D4A6B005CDC29 /* hackmit-2019-app.app */,
				2C2E0978232D4A6C005CDC29 /* hackmit-2019-appTests.xctest */,
				2C2E0983232D4A6C005CDC29 /* hackmit-2019-appUITests.xctest */,
			);
			name = Products;
			sourceTree = "<group>";
		};
		2C2E0966232D4A6B005CDC29 /* hackmit-2019-app */ = {
			isa = PBXGroup;
			children = (
				2C2E0967232D4A6B005CDC29 /* AppDelegate.swift */,
				2C2E0969232D4A6B005CDC29 /* ViewController.swift */,
				2C2E096B232D4A6B005CDC29 /* Main.storyboard */,
				2C2E096E232D4A6C005CDC29 /* Assets.xcassets */,
				2C2E0970232D4A6C005CDC29 /* LaunchScreen.storyboard */,
				2C2E0973232D4A6C005CDC29 /* Info.plist */,
				EBE9C68D232D677600181234 /* Contact.swift */,
			);
			path = "hackmit-2019-app";
			sourceTree = "<group>";
		};
		2C2E097B232D4A6C005CDC29 /* hackmit-2019-appTests */ = {
			isa = PBXGroup;
			children = (
				2C2E097C232D4A6C005CDC29 /* hackmit_2019_appTests.swift */,
				2C2E097E232D4A6C005CDC29 /* Info.plist */,
			);
			path = "hackmit-2019-appTests";
			sourceTree = "<group>";
		};
		2C2E0986232D4A6C005CDC29 /* hackmit-2019-appUITests */ = {
			isa = PBXGroup;
			children = (
				2C2E0987232D4A6C005CDC29 /* hackmit_2019_appUITests.swift */,
				2C2E0989232D4A6C005CDC29 /* Info.plist */,
			);
			path = "hackmit-2019-appUITests";
			sourceTree = "<group>";
		};
/* End PBXGroup section */

/* Begin PBXNativeTarget section */
		2C2E0963232D4A6B005CDC29 /* hackmit-2019-app */ = {
			isa = PBXNativeTarget;
			buildConfigurationList = 2C2E098C232D4A6C005CDC29 /* Build configuration list for PBXNativeTarget "hackmit-2019-app" */;
			buildPhases = (
				2C2E0960232D4A6B005CDC29 /* Sources */,
				2C2E0961232D4A6B005CDC29 /* Frameworks */,
				2C2E0962232D4A6B005CDC29 /* Resources */,
			);
			buildRules = (
			);
			dependencies = (
			);
			name = "hackmit-2019-app";
			productName = "hackmit-2019-app";
			productReference = 2C2E0964232D4A6B005CDC29 /* hackmit-2019-app.app */;
			productType = "com.apple.product-type.application";
		};
		2C2E0977232D4A6C005CDC29 /* hackmit-2019-appTests */ = {
			isa = PBXNativeTarget;
			buildConfigurationList = 2C2E098F232D4A6C005CDC29 /* Build configuration list for PBXNativeTarget "hackmit-2019-appTests" */;
			buildPhases = (
				2C2E0974232D4A6C005CDC29 /* Sources */,
				2C2E0975232D4A6C005CDC29 /* Frameworks */,
				2C2E0976232D4A6C005CDC29 /* Resources */,
			);
			buildRules = (
			);
			dependencies = (
				2C2E097A232D4A6C005CDC29 /* PBXTargetDependency */,
			);
			name = "hackmit-2019-appTests";
			productName = "hackmit-2019-appTests";
			productReference = 2C2E0978232D4A6C005CDC29 /* hackmit-2019-appTests.xctest */;
			productType = "com.apple.product-type.bundle.unit-test";
		};
		2C2E0982232D4A6C005CDC29 /* hackmit-2019-appUITests */ = {
			isa = PBXNativeTarget;
			buildConfigurationList = 2C2E0992232D4A6C005CDC29 /* Build configuration list for PBXNativeTarget "hackmit-2019-appUITests" */;
			buildPhases = (
				2C2E097F232D4A6C005CDC29 /* Sources */,
				2C2E0980232D4A6C005CDC29 /* Frameworks */,
				2C2E0981232D4A6C005CDC29 /* Resources */,
			);
			buildRules = (
			);
			dependencies = (
				2C2E0985232D4A6C005CDC29 /* PBXTargetDependency */,
			);
			name = "hackmit-2019-appUITests";
			productName = "hackmit-2019-appUITests";
			productReference = 2C2E0983232D4A6C005CDC29 /* hackmit-2019-appUITests.xctest */;
			productType = "com.apple.product-type.bundle.ui-testing";
		};
/* End PBXNativeTarget section */

/* Begin PBXProject section */
		2C2E095C232D4A6B005CDC29 /* Project object */ = {
			isa = PBXProject;
			attributes = {
				LastSwiftUpdateCheck = 1010;
				LastUpgradeCheck = 1010;
				ORGANIZATIONNAME = "Elizabeth Zhou";
				TargetAttributes = {
					2C2E0963232D4A6B005CDC29 = {
						CreatedOnToolsVersion = 10.1;
						ProvisioningStyle = Automatic;
					};
					2C2E0977232D4A6C005CDC29 = {
						CreatedOnToolsVersion = 10.1;
						ProvisioningStyle = Automatic;
						TestTargetID = 2C2E0963232D4A6B005CDC29;
					};
					2C2E0982232D4A6C005CDC29 = {
						CreatedOnToolsVersion = 10.1;
						ProvisioningStyle = Automatic;
						TestTargetID = 2C2E0963232D4A6B005CDC29;
					};
				};
			};
			buildConfigurationList = 2C2E095F232D4A6B005CDC29 /* Build configuration list for PBXProject "hackmit-2019-app" */;
			compatibilityVersion = "Xcode 8.0";
			developmentRegion = en;
			hasScannedForEncodings = 0;
			knownRegions = (
				en,
				Base,
			);
			mainGroup = 2C2E095B232D4A6B005CDC29;
			productRefGroup = 2C2E0965232D4A6B005CDC29 /* Products */;
			projectDirPath = "";
			projectRoot = "";
			targets = (
				2C2E0963232D4A6B005CDC29 /* hackmit-2019-app */,
				2C2E0977232D4A6C005CDC29 /* hackmit-2019-appTests */,
				2C2E0982232D4A6C005CDC29 /* hackmit-2019-appUITests */,
			);
		};
/* End PBXProject section */

/* Begin PBXResourcesBuildPhase section */
		2C2E0962232D4A6B005CDC29 /* Resources */ = {
			isa = PBXResourcesBuildPhase;
			buildActionMask = 2147483647;
			files = (
				2C2E0972232D4A6C005CDC29 /* LaunchScreen.storyboard in Resources */,
				2C2E096F232D4A6C005CDC29 /* Assets.xcassets in Resources */,
				2C2E096D232D4A6B005CDC29 /* Main.storyboard in Resources */,
			);
			runOnlyForDeploymentPostprocessing = 0;
		};
		2C2E0976232D4A6C005CDC29 /* Resources */ = {
			isa = PBXResourcesBuildPhase;
			buildActionMask = 2147483647;
			files = (
			);
			runOnlyForDeploymentPostprocessing = 0;
		};
		2C2E0981232D4A6C005CDC29 /* Resources */ = {
			isa = PBXResourcesBuildPhase;
			buildActionMask = 2147483647;
			files = (
			);
			runOnlyForDeploymentPostprocessing = 0;
		};
/* End PBXResourcesBuildPhase section */

/* Begin PBXSourcesBuildPhase section */
		2C2E0960232D4A6B005CDC29 /* Sources */ = {
			isa = PBXSourcesBuildPhase;
			buildActionMask = 2147483647;
			files = (
				EBE9C68E232D677600181234 /* Contact.swift in Sources */,
				2C2E096A232D4A6B005CDC29 /* ViewController.swift in Sources */,
				2C2E0968232D4A6B005CDC29 /* AppDelegate.swift in Sources */,
			);
			runOnlyForDeploymentPostprocessing = 0;
		};
		2C2E0974232D4A6C005CDC29 /* Sources */ = {
			isa = PBXSourcesBuildPhase;
			buildActionMask = 2147483647;
			files = (
				2C2E097D232D4A6C005CDC29 /* hackmit_2019_appTests.swift in Sources */,
			);
			runOnlyForDeploymentPostprocessing = 0;
		};
		2C2E097F232D4A6C005CDC29 /* Sources */ = {
			isa = PBXSourcesBuildPhase;
			buildActionMask = 2147483647;
			files = (
				2C2E0988232D4A6C005CDC29 /* hackmit_2019_appUITests.swift in Sources */,
			);
			runOnlyForDeploymentPostprocessing = 0;
		};
/* End PBXSourcesBuildPhase section */

/* Begin PBXTargetDependency section */
		2C2E097A232D4A6C005CDC29 /* PBXTargetDependency */ = {
			isa = PBXTargetDependency;
			target = 2C2E0963232D4A6B005CDC29 /* hackmit-2019-app */;
			targetProxy = 2C2E0979232D4A6C005CDC29 /* PBXContainerItemProxy */;
		};
		2C2E0985232D4A6C005CDC29 /* PBXTargetDependency */ = {
			isa = PBXTargetDependency;
			target = 2C2E0963232D4A6B005CDC29 /* hackmit-2019-app */;
			targetProxy = 2C2E0984232D4A6C005CDC29 /* PBXContainerItemProxy */;
		};
/* End PBXTargetDependency section */

/* Begin PBXVariantGroup section */
		2C2E096B232D4A6B005CDC29 /* Main.storyboard */ = {
			isa = PBXVariantGroup;
			children = (
				2C2E096C232D4A6B005CDC29 /* Base */,
			);
			name = Main.storyboard;
			sourceTree = "<group>";
		};
		2C2E0970232D4A6C005CDC29 /* LaunchScreen.storyboard */ = {
			isa = PBXVariantGroup;
			children = (
				2C2E0971232D4A6C005CDC29 /* Base */,
			);
			name = LaunchScreen.storyboard;
			sourceTree = "<group>";
		};
/* End PBXVariantGroup section */

/* Begin XCBuildConfiguration section */
		2C2E098A232D4A6C005CDC29 /* Debug */ = {
			isa = XCBuildConfiguration;
			buildSettings = {
				ALWAYS_SEARCH_USER_PATHS = NO;
				CLANG_ANALYZER_NONNULL = YES;
				CLANG_ANALYZER_NUMBER_OBJECT_CONVERSION = YES_AGGRESSIVE;
				CLANG_CXX_LANGUAGE_STANDARD = "gnu++14";
				CLANG_CXX_LIBRARY = "libc++";
				CLANG_ENABLE_MODULES = YES;
				CLANG_ENABLE_OBJC_ARC = YES;
				CLANG_ENABLE_OBJC_WEAK = YES;
				CLANG_WARN_BLOCK_CAPTURE_AUTORELEASING = YES;
				CLANG_WARN_BOOL_CONVERSION = YES;
				CLANG_WARN_COMMA = YES;
				CLANG_WARN_CONSTANT_CONVERSION = YES;
				CLANG_WARN_DEPRECATED_OBJC_IMPLEMENTATIONS = YES;
				CLANG_WARN_DIRECT_OBJC_ISA_USAGE = YES_ERROR;
				CLANG_WARN_DOCUMENTATION_COMMENTS = YES;
				CLANG_WARN_EMPTY_BODY = YES;
				CLANG_WARN_ENUM_CONVERSION = YES;
				CLANG_WARN_INFINITE_RECURSION = YES;
				CLANG_WARN_INT_CONVERSION = YES;
				CLANG_WARN_NON_LITERAL_NULL_CONVERSION = YES;
				CLANG_WARN_OBJC_IMPLICIT_RETAIN_SELF = YES;
				CLANG_WARN_OBJC_LITERAL_CONVERSION = YES;
				CLANG_WARN_OBJC_ROOT_CLASS = YES_ERROR;
				CLANG_WARN_RANGE_LOOP_ANALYSIS = YES;
				CLANG_WARN_STRICT_PROTOTYPES = YES;
				CLANG_WARN_SUSPICIOUS_MOVE = YES;
				CLANG_WARN_UNGUARDED_AVAILABILITY = YES_AGGRESSIVE;
				CLANG_WARN_UNREACHABLE_CODE = YES;
				CLANG_WARN__DUPLICATE_METHOD_MATCH = YES;
				CODE_SIGN_IDENTITY = "iPhone Developer";
				COPY_PHASE_STRIP = NO;
				DEBUG_INFORMATION_FORMAT = dwarf;
				ENABLE_STRICT_OBJC_MSGSEND = YES;
				ENABLE_TESTABILITY = YES;
				GCC_C_LANGUAGE_STANDARD = gnu11;
				GCC_DYNAMIC_NO_PIC = NO;
				GCC_NO_COMMON_BLOCKS = YES;
				GCC_OPTIMIZATION_LEVEL = 0;
				GCC_PREPROCESSOR_DEFINITIONS = (
					"DEBUG=1",
					"$(inherited)",
				);
				GCC_WARN_64_TO_32_BIT_CONVERSION = YES;
				GCC_WARN_ABOUT_RETURN_TYPE = YES_ERROR;
				GCC_WARN_UNDECLARED_SELECTOR = YES;
				GCC_WARN_UNINITIALIZED_AUTOS = YES_AGGRESSIVE;
				GCC_WARN_UNUSED_FUNCTION = YES;
				GCC_WARN_UNUSED_VARIABLE = YES;
				IPHONEOS_DEPLOYMENT_TARGET = 12.1;
				MTL_ENABLE_DEBUG_INFO = INCLUDE_SOURCE;
				MTL_FAST_MATH = YES;
				ONLY_ACTIVE_ARCH = YES;
				SDKROOT = iphoneos;
				SWIFT_ACTIVE_COMPILATION_CONDITIONS = DEBUG;
				SWIFT_OPTIMIZATION_LEVEL = "-Onone";
			};
			name = Debug;
		};
		2C2E098B232D4A6C005CDC29 /* Release */ = {
			isa = XCBuildConfiguration;
			buildSettings = {
				ALWAYS_SEARCH_USER_PATHS = NO;
				CLANG_ANALYZER_NONNULL = YES;
				CLANG_ANALYZER_NUMBER_OBJECT_CONVERSION = YES_AGGRESSIVE;
				CLANG_CXX_LANGUAGE_STANDARD = "gnu++14";
				CLANG_CXX_LIBRARY = "libc++";
				CLANG_ENABLE_MODULES = YES;
				CLANG_ENABLE_OBJC_ARC = YES;
				CLANG_ENABLE_OBJC_WEAK = YES;
				CLANG_WARN_BLOCK_CAPTURE_AUTORELEASING = YES;
				CLANG_WARN_BOOL_CONVERSION = YES;
				CLANG_WARN_COMMA = YES;
				CLANG_WARN_CONSTANT_CONVERSION = YES;
				CLANG_WARN_DEPRECATED_OBJC_IMPLEMENTATIONS = YES;
				CLANG_WARN_DIRECT_OBJC_ISA_USAGE = YES_ERROR;
				CLANG_WARN_DOCUMENTATION_COMMENTS = YES;
				CLANG_WARN_EMPTY_BODY = YES;
				CLANG_WARN_ENUM_CONVERSION = YES;
				CLANG_WARN_INFINITE_RECURSION = YES;
				CLANG_WARN_INT_CONVERSION = YES;
				CLANG_WARN_NON_LITERAL_NULL_CONVERSION = YES;
				CLANG_WARN_OBJC_IMPLICIT_RETAIN_SELF = YES;
				CLANG_WARN_OBJC_LITERAL_CONVERSION = YES;
				CLANG_WARN_OBJC_ROOT_CLASS = YES_ERROR;
				CLANG_WARN_RANGE_LOOP_ANALYSIS = YES;
				CLANG_WARN_STRICT_PROTOTYPES = YES;
				CLANG_WARN_SUSPICIOUS_MOVE = YES;
				CLANG_WARN_UNGUARDED_AVAILABILITY = YES_AGGRESSIVE;
				CLANG_WARN_UNREACHABLE_CODE = YES;
				CLANG_WARN__DUPLICATE_METHOD_MATCH = YES;
				CODE_SIGN_IDENTITY = "iPhone Developer";
				COPY_PHASE_STRIP = NO;
				DEBUG_INFORMATION_FORMAT = "dwarf-with-dsym";
				ENABLE_NS_ASSERTIONS = NO;
				ENABLE_STRICT_OBJC_MSGSEND = YES;
				GCC_C_LANGUAGE_STANDARD = gnu11;
				GCC_NO_COMMON_BLOCKS = YES;
				GCC_WARN_64_TO_32_BIT_CONVERSION = YES;
				GCC_WARN_ABOUT_RETURN_TYPE = YES_ERROR;
				GCC_WARN_UNDECLARED_SELECTOR = YES;
				GCC_WARN_UNINITIALIZED_AUTOS = YES_AGGRESSIVE;
				GCC_WARN_UNUSED_FUNCTION = YES;
				GCC_WARN_UNUSED_VARIABLE = YES;
				IPHONEOS_DEPLOYMENT_TARGET = 12.1;
				MTL_ENABLE_DEBUG_INFO = NO;
				MTL_FAST_MATH = YES;
				SDKROOT = iphoneos;
				SWIFT_COMPILATION_MODE = wholemodule;
				SWIFT_OPTIMIZATION_LEVEL = "-O";
				VALIDATE_PRODUCT = YES;
			};
			name = Release;
		};
		2C2E098D232D4A6C005CDC29 /* Debug */ = {
			isa = XCBuildConfiguration;
			buildSettings = {
				ASSETCATALOG_COMPILER_APPICON_NAME = AppIcon;
				CODE_SIGN_STYLE = Automatic;
				INFOPLIST_FILE = "hackmit-2019-app/Info.plist";
				LD_RUNPATH_SEARCH_PATHS = "$(inherited) @executable_path/Frameworks";
				PRODUCT_BUNDLE_IDENTIFIER = "edu.mit.hackmit-2019-app";
				PRODUCT_NAME = "$(TARGET_NAME)";
				SWIFT_VERSION = 4.2;
				TARGETED_DEVICE_FAMILY = "1,2";
			};
			name = Debug;
		};
		2C2E098E232D4A6C005CDC29 /* Release */ = {
			isa = XCBuildConfiguration;
			buildSettings = {
				ASSETCATALOG_COMPILER_APPICON_NAME = AppIcon;
				CODE_SIGN_STYLE = Automatic;
				INFOPLIST_FILE = "hackmit-2019-app/Info.plist";
				LD_RUNPATH_SEARCH_PATHS = "$(inherited) @executable_path/Frameworks";
				PRODUCT_BUNDLE_IDENTIFIER = "edu.mit.hackmit-2019-app";
				PRODUCT_NAME = "$(TARGET_NAME)";
				SWIFT_VERSION = 4.2;
				TARGETED_DEVICE_FAMILY = "1,2";
			};
			name = Release;
		};
		2C2E0990232D4A6C005CDC29 /* Debug */ = {
			isa = XCBuildConfiguration;
			buildSettings = {
				ALWAYS_EMBED_SWIFT_STANDARD_LIBRARIES = YES;
				BUNDLE_LOADER = "$(TEST_HOST)";
				CODE_SIGN_STYLE = Automatic;
				INFOPLIST_FILE = "hackmit-2019-appTests/Info.plist";
				LD_RUNPATH_SEARCH_PATHS = "$(inherited) @executable_path/Frameworks @loader_path/Frameworks";
				PRODUCT_BUNDLE_IDENTIFIER = "edu.mit.hackmit-2019-appTests";
				PRODUCT_NAME = "$(TARGET_NAME)";
				SWIFT_VERSION = 4.2;
				TARGETED_DEVICE_FAMILY = "1,2";
				TEST_HOST = "$(BUILT_PRODUCTS_DIR)/hackmit-2019-app.app/hackmit-2019-app";
			};
			name = Debug;
		};
		2C2E0991232D4A6C005CDC29 /* Release */ = {
			isa = XCBuildConfiguration;
			buildSettings = {
				ALWAYS_EMBED_SWIFT_STANDARD_LIBRARIES = YES;
				BUNDLE_LOADER = "$(TEST_HOST)";
				CODE_SIGN_STYLE = Automatic;
				INFOPLIST_FILE = "hackmit-2019-appTests/Info.plist";
				LD_RUNPATH_SEARCH_PATHS = "$(inherited) @executable_path/Frameworks @loader_path/Frameworks";
				PRODUCT_BUNDLE_IDENTIFIER = "edu.mit.hackmit-2019-appTests";
				PRODUCT_NAME = "$(TARGET_NAME)";
				SWIFT_VERSION = 4.2;
				TARGETED_DEVICE_FAMILY = "1,2";
				TEST_HOST = "$(BUILT_PRODUCTS_DIR)/hackmit-2019-app.app/hackmit-2019-app";
			};
			name = Release;
		};
		2C2E0993232D4A6C005CDC29 /* Debug */ = {
			isa = XCBuildConfiguration;
			buildSettings = {
				ALWAYS_EMBED_SWIFT_STANDARD_LIBRARIES = YES;
				CODE_SIGN_STYLE = Automatic;
				INFOPLIST_FILE = "hackmit-2019-appUITests/Info.plist";
				LD_RUNPATH_SEARCH_PATHS = "$(inherited) @executable_path/Frameworks @loader_path/Frameworks";
				PRODUCT_BUNDLE_IDENTIFIER = "edu.mit.hackmit-2019-appUITests";
				PRODUCT_NAME = "$(TARGET_NAME)";
				SWIFT_VERSION = 4.2;
				TARGETED_DEVICE_FAMILY = "1,2";
				TEST_TARGET_NAME = "hackmit-2019-app";
			};
			name = Debug;
		};
		2C2E0994232D4A6C005CDC29 /* Release */ = {
			isa = XCBuildConfiguration;
			buildSettings = {
				ALWAYS_EMBED_SWIFT_STANDARD_LIBRARIES = YES;
				CODE_SIGN_STYLE = Automatic;
				INFOPLIST_FILE = "hackmit-2019-appUITests/Info.plist";
				LD_RUNPATH_SEARCH_PATHS = "$(inherited) @executable_path/Frameworks @loader_path/Frameworks";
				PRODUCT_BUNDLE_IDENTIFIER = "edu.mit.hackmit-2019-appUITests";
				PRODUCT_NAME = "$(TARGET_NAME)";
				SWIFT_VERSION = 4.2;
				TARGETED_DEVICE_FAMILY = "1,2";
				TEST_TARGET_NAME = "hackmit-2019-app";
			};
			name = Release;
		};
/* End XCBuildConfiguration section */

/* Begin XCConfigurationList section */
		2C2E095F232D4A6B005CDC29 /* Build configuration list for PBXProject "hackmit-2019-app" */ = {
			isa = XCConfigurationList;
			buildConfigurations = (
				2C2E098A232D4A6C005CDC29 /* Debug */,
				2C2E098B232D4A6C005CDC29 /* Release */,
			);
			defaultConfigurationIsVisible = 0;
			defaultConfigurationName = Release;
		};
		2C2E098C232D4A6C005CDC29 /* Build configuration list for PBXNativeTarget "hackmit-2019-app" */ = {
			isa = XCConfigurationList;
			buildConfigurations = (
				2C2E098D232D4A6C005CDC29 /* Debug */,
				2C2E098E232D4A6C005CDC29 /* Release */,
			);
			defaultConfigurationIsVisible = 0;
			defaultConfigurationName = Release;
		};
		2C2E098F232D4A6C005CDC29 /* Build configuration list for PBXNativeTarget "hackmit-2019-appTests" */ = {
			isa = XCConfigurationList;
			buildConfigurations = (
				2C2E0990232D4A6C005CDC29 /* Debug */,
				2C2E0991232D4A6C005CDC29 /* Release */,
			);
			defaultConfigurationIsVisible = 0;
			defaultConfigurationName = Release;
		};
		2C2E0992232D4A6C005CDC29 /* Build configuration list for PBXNativeTarget "hackmit-2019-appUITests" */ = {
			isa = XCConfigurationList;
			buildConfigurations = (
				2C2E0993232D4A6C005CDC29 /* Debug */,
				2C2E0994232D4A6C005CDC29 /* Release */,
			);
			defaultConfigurationIsVisible = 0;
			defaultConfigurationName = Release;
		};
/* End XCConfigurationList section */
	};
	rootObject = 2C2E095C232D4A6B005CDC29 /* Project object */;
}
